
Microsoft Visual Studio Solution File, Format Version 12.00
# Visual Studio Version 17
VisualStudioVersion = 17.6.33723.286
MinimumVisualStudioVersion = 10.0.40219.1
Project("{FAE04EC0-301F-11D3-BF4B-00C04F79EFBC}") = "IBZI #2", "IBZI #2\IBZI #2.csproj", "{A0A1549A-5824-4875-947D-7F032207BADF}"
EndProject
Global
	GlobalSection(SolutionConfigurationPlatforms) = preSolution
		Debug|Any CPU = Debug|Any CPU
		Release|Any CPU = Release|Any CPU
	EndGlobalSection
	GlobalSection(ProjectConfigurationPlatforms) = postSolution
		{A0A1549A-5824-4875-947D-7F032207BADF}.Debug|Any CPU.ActiveCfg = Debug|Any CPU
		{A0A1549A-5824-4875-947D-7F032207BADF}.Debug|Any CPU.Build.0 = Debug|Any CPU
		{A0A1549A-5824-4875-947D-7F032207BADF}.Release|Any CPU.ActiveCfg = Release|Any CPU
		{A0A1549A-5824-4875-947D-7F032207BADF}.Release|Any CPU.Build.0 = Release|Any CPU
	EndGlobalSection
	GlobalSection(SolutionProperties) = preSolution
		HideSolutionNode = FALSE
	EndGlobalSection
	GlobalSection(ExtensibilityGlobals) = postSolution
		SolutionGuid = {20F15344-733D-4C27-92EA-DF19DF892F9F}
	EndGlobalSection
EndGlobal
